{
  "name": "grapes-observations-analytics",
  "version": "1.0.0",
  "lockfileVersion": 3,
  "requires": true,
  "packages": {
    "": {
      "name": "grapes-observations-analytics",
      "version": "1.0.0",
      "dependencies": {
        "@clickhouse/client": "^1.11.2",
        "dotenv": "^16.5.0"
      }
    },
    "node_modules/@clickhouse/client": {
      "version": "1.23.1",
      "resolved": "https://registry.npmjs.org/@clickhouse/client/-/client-1.23.1.tgz",
      "integrity": "sha512-vs3/Zc1dHvT171btW5nMoPsPCJ6QVJ5pp7obxzO5sjqwFx/jjz9wwCAqcFOdc2DhprugDBaVn+4dVY8hG3A9nw==",
      "license": "Apache-2.0",
      "engines": {
        "node": ">=20"
      }
    },
    "node_modules/dotenv": {
      "version": "16.6.1",
      "resolved": "https://registry.npmjs.org/dotenv/-/dotenv-16.6.1.tgz",
      "integrity": "sha512-uBq4egWHTcTt33a72vpSG0z3HnPuIl6NqYcTrKEg2azoEyl2hpW0zqlxysq2pK9HlDIHyHyakeYaYnSAwd8bow==",
      "license": "BSD-2-Clause",
      "engines": {
        "node": ">=12"
      },
      "funding": {
        "url": "https://dotenvx.com"
      }
    }
  }
}
